
Microsoft Visual Studio Solution File, Format Version 12.00
# Visual Studio Version 17
VisualStudioVersion = 17.0.31903.59
MinimumVisualStudioVersion = 10.0.40219.1
Project("{9A19103F-16F7-4668-BE54-9A1E7A4F7556}") = "Confab.Bootstrapper", "src\Bootstrapper\Confab.Bootstrapper\Confab.Bootstrapper.csproj", "{26240304-210A-42B4-A7F2-C6A85DE66A8E}"
EndProject
Project("{2150E333-8FDC-42A3-9474-1A3956D46DE8}") = "src", "src", "{54C93C90-F9E4-4CA0-A0BC-E040FAC01F9B}"
EndProject
Project("{2150E333-8FDC-42A3-9474-1A3956D46DE8}") = "tests", "tests", "{2E16B573-0C38-48D8-9612-E7E00B0D8656}"
EndProject
Project("{2150E333-8FDC-42A3-9474-1A3956D46DE8}") = "Bootstrapper", "Bootstrapper", "{05446E55-6E33-4207-8C66-B425FB7C9F90}"
EndProject
Project("{2150E333-8FDC-42A3-9474-1A3956D46DE8}") = "Modules", "Modules", "{41C685A4-310B-40CC-A18A-EF4E7A83F368}"
EndProject
Project("{2150E333-8FDC-42A3-9474-1A3956D46DE8}") = "Shared", "Shared", "{EB77BEE6-5142-495B-983B-E25C227E3D2C}"
EndProject
Project("{2150E333-8FDC-42A3-9474-1A3956D46DE8}") = "Conferences", "Conferences", "{4C5320FD-B71E-4941-A7D3-44E6D4ACC84C}"
EndProject
Project("{9A19103F-16F7-4668-BE54-9A1E7A4F7556}") = "Confab.Modules.Conferences.Api", "src\Modules\Conferences\Confab.Modules.Conferences.Api\Confab.Modules.Conferences.Api.csproj", "{ACF6607E-8423-492A-BB67-2507F0EF648C}"
EndProject
Project("{9A19103F-16F7-4668-BE54-9A1E7A4F7556}") = "Confab.Shared.Abstractions", "src\Shared\Confab.Shared.Abstractions\Confab.Shared.Abstractions.csproj", "{3AB2BE7D-D2CA-44CE-AD81-A3C11A8B3044}"
EndProject
Project("{9A19103F-16F7-4668-BE54-9A1E7A4F7556}") = "Confab.Modules.Conferences.Core", "src\Modules\Conferences\Confab.Modules.Conferences.Core\Confab.Modules.Conferences.Core.csproj", "{7D6DB239-AFF9-40C7-B616-4D2C113CAA8E}"
EndProject
Project("{9A19103F-16F7-4668-BE54-9A1E7A4F7556}") = "Confab.Shared.Infrastructure", "src\Shared\Confab.Shared.Infrastructure\Confab.Shared.Infrastructure.csproj", "{57B7CB48-545A-4F1E-9493-5BCDABD2CE9D}"
EndProject
Project("{2150E333-8FDC-42A3-9474-1A3956D46DE8}") = "Speakers", "Speakers", "{C0CE3E6B-F08C-42DA-9187-A58E6E572F1C}"
EndProject
Project("{9A19103F-16F7-4668-BE54-9A1E7A4F7556}") = "Confab.Modules.Speakers.Api", "src\Modules\Speakers\Confab.Modules.Speakers.Api\Confab.Modules.Speakers.Api.csproj", "{65DF5A4D-FDD8-44D6-B693-72831A6B1FC9}"
EndProject
Project("{9A19103F-16F7-4668-BE54-9A1E7A4F7556}") = "Confab.Modules.Speakers.Core", "src\Modules\Speakers\Confab.Modules.Speakers.Core\Confab.Modules.Speakers.Core.csproj", "{A5A14AC1-F35E-4548-AB26-7B868AB0F6E6}"
EndProject
Project("{2150E333-8FDC-42A3-9474-1A3956D46DE8}") = "Users", "Users", "{4864A93C-E3E9-4055-BCC6-530FEE791042}"
EndProject
Project("{9A19103F-16F7-4668-BE54-9A1E7A4F7556}") = "Confab.Modules.Users.Api", "src\Modules\Users\Confab.Modules.Users.Api\Confab.Modules.Users.Api.csproj", "{565074B4-FFB8-48FA-8468-335311D4B395}"
EndProject
Project("{9A19103F-16F7-4668-BE54-9A1E7A4F7556}") = "Confab.Modules.Users.Core", "src\Modules\Users\Confab.Modules.Users.Core\Confab.Modules.Users.Core.csproj", "{0F72D811-FBF1-41EF-B582-1CD35D673919}"
EndProject
Project("{2150E333-8FDC-42A3-9474-1A3956D46DE8}") = "Tickets", "Tickets", "{54565EF2-803E-4E97-B543-61F9B7F48925}"
EndProject
Project("{9A19103F-16F7-4668-BE54-9A1E7A4F7556}") = "Confab.Modules.Tickets.Api", "src\Modules\Tickets\Confab.Modules.Tickets.Api\Confab.Modules.Tickets.Api.csproj", "{D950329D-089A-4FC1-9374-8B12E26049D6}"
EndProject
Project("{9A19103F-16F7-4668-BE54-9A1E7A4F7556}") = "Confab.Modules.Tickets.Core", "src\Modules\Tickets\Confab.Modules.Tickets.Core\Confab.Modules.Tickets.Core.csproj", "{ECD2FBC9-2DED-4E7B-BA1A-5A3B61C79F6A}"
EndProject
Project("{2150E333-8FDC-42A3-9474-1A3956D46DE8}") = "Agendas", "Agendas", "{AD45864D-8C8C-4CF9-8D27-E2A9352FC90C}"
EndProject
Project("{9A19103F-16F7-4668-BE54-9A1E7A4F7556}") = "Confab.Modules.Agendas.Domain", "src\Modules\Agendas\Confab.Modules.Agendas.Domain\Confab.Modules.Agendas.Domain.csproj", "{7D734108-10E0-4EC2-816B-ECA7B0C3DFFA}"
EndProject
Project("{9A19103F-16F7-4668-BE54-9A1E7A4F7556}") = "Confab.Modules.Agendas.Application", "src\Modules\Agendas\Confab.Modules.Agendas.Application\Confab.Modules.Agendas.Application.csproj", "{16683FE7-F597-4DF7-814A-BE0826743F1B}"
EndProject
Project("{9A19103F-16F7-4668-BE54-9A1E7A4F7556}") = "Confab.Modules.Agendas.Infrastructure", "src\Modules\Agendas\Confab.Modules.Agendas.Infrastructure\Confab.Modules.Agendas.Infrastructure.csproj", "{E0F487E8-CAC1-458E-85AE-8136C622CFCA}"
EndProject
Project("{9A19103F-16F7-4668-BE54-9A1E7A4F7556}") = "Confab.Modules.Agendas.Api", "src\Modules\Agendas\Confab.Modules.Agendas.Api\Confab.Modules.Agendas.Api.csproj", "{8B1A4F4D-CCE2-43A1-8245-BAC90296BDE5}"
EndProject
Global
	GlobalSection(SolutionConfigurationPlatforms) = preSolution
		Debug|Any CPU = Debug|Any CPU
		Release|Any CPU = Release|Any CPU
	EndGlobalSection
	GlobalSection(ProjectConfigurationPlatforms) = postSolution
		{26240304-210A-42B4-A7F2-C6A85DE66A8E}.Debug|Any CPU.ActiveCfg = Debug|Any CPU
		{26240304-210A-42B4-A7F2-C6A85DE66A8E}.Debug|Any CPU.Build.0 = Debug|Any CPU
		{26240304-210A-42B4-A7F2-C6A85DE66A8E}.Release|Any CPU.ActiveCfg = Release|Any CPU
		{26240304-210A-42B4-A7F2-C6A85DE66A8E}.Release|Any CPU.Build.0 = Release|Any CPU
		{ACF6607E-8423-492A-BB67-2507F0EF648C}.Debug|Any CPU.ActiveCfg = Debug|Any CPU
		{ACF6607E-8423-492A-BB67-2507F0EF648C}.Debug|Any CPU.Build.0 = Debug|Any CPU
		{ACF6607E-8423-492A-BB67-2507F0EF648C}.Release|Any CPU.ActiveCfg = Release|Any CPU
		{ACF6607E-8423-492A-BB67-2507F0EF648C}.Release|Any CPU.Build.0 = Release|Any CPU
		{3AB2BE7D-D2CA-44CE-AD81-A3C11A8B3044}.Debug|Any CPU.ActiveCfg = Debug|Any CPU
		{3AB2BE7D-D2CA-44CE-AD81-A3C11A8B3044}.Debug|Any CPU.Build.0 = Debug|Any CPU
		{3AB2BE7D-D2CA-44CE-AD81-A3C11A8B3044}.Release|Any CPU.ActiveCfg = Release|Any CPU
		{3AB2BE7D-D2CA-44CE-AD81-A3C11A8B3044}.Release|Any CPU.Build.0 = Release|Any CPU
		{7D6DB239-AFF9-40C7-B616-4D2C113CAA8E}.Debug|Any CPU.ActiveCfg = Debug|Any CPU
		{7D6DB239-AFF9-40C7-B616-4D2C113CAA8E}.Debug|Any CPU.Build.0 = Debug|Any CPU
		{7D6DB239-AFF9-40C7-B616-4D2C113CAA8E}.Release|Any CPU.ActiveCfg = Release|Any CPU
		{7D6DB239-AFF9-40C7-B616-4D2C113CAA8E}.Release|Any CPU.Build.0 = Release|Any CPU
		{57B7CB48-545A-4F1E-9493-5BCDABD2CE9D}.Debug|Any CPU.ActiveCfg = Debug|Any CPU
		{57B7CB48-545A-4F1E-9493-5BCDABD2CE9D}.Debug|Any CPU.Build.0 = Debug|Any CPU
		{57B7CB48-545A-4F1E-9493-5BCDABD2CE9D}.Release|Any CPU.ActiveCfg = Release|Any CPU
		{57B7CB48-545A-4F1E-9493-5BCDABD2CE9D}.Release|Any CPU.Build.0 = Release|Any CPU
		{65DF5A4D-FDD8-44D6-B693-72831A6B1FC9}.Debug|Any CPU.ActiveCfg = Debug|Any CPU
		{65DF5A4D-FDD8-44D6-B693-72831A6B1FC9}.Debug|Any CPU.Build.0 = Debug|Any CPU
		{65DF5A4D-FDD8-44D6-B693-72831A6B1FC9}.Release|Any CPU.ActiveCfg = Release|Any CPU
		{65DF5A4D-FDD8-44D6-B693-72831A6B1FC9}.Release|Any CPU.Build.0 = Release|Any CPU
		{A5A14AC1-F35E-4548-AB26-7B868AB0F6E6}.Debug|Any CPU.ActiveCfg = Debug|Any CPU
		{A5A14AC1-F35E-4548-AB26-7B868AB0F6E6}.Debug|Any CPU.Build.0 = Debug|Any CPU
		{A5A14AC1-F35E-4548-AB26-7B868AB0F6E6}.Release|Any CPU.ActiveCfg = Release|Any CPU
		{A5A14AC1-F35E-4548-AB26-7B868AB0F6E6}.Release|Any CPU.Build.0 = Release|Any CPU
		{565074B4-FFB8-48FA-8468-335311D4B395}.Debug|Any CPU.ActiveCfg = Debug|Any CPU
		{565074B4-FFB8-48FA-8468-335311D4B395}.Debug|Any CPU.Build.0 = Debug|Any CPU
		{565074B4-FFB8-48FA-8468-335311D4B395}.Release|Any CPU.ActiveCfg = Release|Any CPU
		{565074B4-FFB8-48FA-8468-335311D4B395}.Release|Any CPU.Build.0 = Release|Any CPU
		{0F72D811-FBF1-41EF-B582-1CD35D673919}.Debug|Any CPU.ActiveCfg = Debug|Any CPU
		{0F72D811-FBF1-41EF-B582-1CD35D673919}.Debug|Any CPU.Build.0 = Debug|Any CPU
		{0F72D811-FBF1-41EF-B582-1CD35D673919}.Release|Any CPU.ActiveCfg = Release|Any CPU
		{0F72D811-FBF1-41EF-B582-1CD35D673919}.Release|Any CPU.Build.0 = Release|Any CPU
		{D950329D-089A-4FC1-9374-8B12E26049D6}.Debug|Any CPU.ActiveCfg = Debug|Any CPU
		{D950329D-089A-4FC1-9374-8B12E26049D6}.Debug|Any CPU.Build.0 = Debug|Any CPU
		{D950329D-089A-4FC1-9374-8B12E26049D6}.Release|Any CPU.ActiveCfg = Release|Any CPU
		{D950329D-089A-4FC1-9374-8B12E26049D6}.Release|Any CPU.Build.0 = Release|Any CPU
		{ECD2FBC9-2DED-4E7B-BA1A-5A3B61C79F6A}.Debug|Any CPU.ActiveCfg = Debug|Any CPU
		{ECD2FBC9-2DED-4E7B-BA1A-5A3B61C79F6A}.Debug|Any CPU.Build.0 = Debug|Any CPU
		{ECD2FBC9-2DED-4E7B-BA1A-5A3B61C79F6A}.Release|Any CPU.ActiveCfg = Release|Any CPU
		{ECD2FBC9-2DED-4E7B-BA1A-5A3B61C79F6A}.Release|Any CPU.Build.0 = Release|Any CPU
		{7D734108-10E0-4EC2-816B-ECA7B0C3DFFA}.Debug|Any CPU.ActiveCfg = Debug|Any CPU
		{7D734108-10E0-4EC2-816B-ECA7B0C3DFFA}.Debug|Any CPU.Build.0 = Debug|Any CPU
		{7D734108-10E0-4EC2-816B-ECA7B0C3DFFA}.Release|Any CPU.ActiveCfg = Release|Any CPU
		{7D734108-10E0-4EC2-816B-ECA7B0C3DFFA}.Release|Any CPU.Build.0 = Release|Any CPU
		{16683FE7-F597-4DF7-814A-BE0826743F1B}.Debug|Any CPU.ActiveCfg = Debug|Any CPU
		{16683FE7-F597-4DF7-814A-BE0826743F1B}.Debug|Any CPU.Build.0 = Debug|Any CPU
		{16683FE7-F597-4DF7-814A-BE0826743F1B}.Release|Any CPU.ActiveCfg = Release|Any CPU
		{16683FE7-F597-4DF7-814A-BE0826743F1B}.Release|Any CPU.Build.0 = Release|Any CPU
		{E0F487E8-CAC1-458E-85AE-8136C622CFCA}.Debug|Any CPU.ActiveCfg = Debug|Any CPU
		{E0F487E8-CAC1-458E-85AE-8136C622CFCA}.Debug|Any CPU.Build.0 = Debug|Any CPU
		{E0F487E8-CAC1-458E-85AE-8136C622CFCA}.Release|Any CPU.ActiveCfg = Release|Any CPU
		{E0F487E8-CAC1-458E-85AE-8136C622CFCA}.Release|Any CPU.Build.0 = Release|Any CPU
		{8B1A4F4D-CCE2-43A1-8245-BAC90296BDE5}.Debug|Any CPU.ActiveCfg = Debug|Any CPU
		{8B1A4F4D-CCE2-43A1-8245-BAC90296BDE5}.Debug|Any CPU.Build.0 = Debug|Any CPU
		{8B1A4F4D-CCE2-43A1-8245-BAC90296BDE5}.Release|Any CPU.ActiveCfg = Release|Any CPU
		{8B1A4F4D-CCE2-43A1-8245-BAC90296BDE5}.Release|Any CPU.Build.0 = Release|Any CPU
	EndGlobalSection
	GlobalSection(SolutionProperties) = preSolution
		HideSolutionNode = FALSE
	EndGlobalSection
	GlobalSection(NestedProjects) = preSolution
		{26240304-210A-42B4-A7F2-C6A85DE66A8E} = {05446E55-6E33-4207-8C66-B425FB7C9F90}
		{05446E55-6E33-4207-8C66-B425FB7C9F90} = {54C93C90-F9E4-4CA0-A0BC-E040FAC01F9B}
		{41C685A4-310B-40CC-A18A-EF4E7A83F368} = {54C93C90-F9E4-4CA0-A0BC-E040FAC01F9B}
		{EB77BEE6-5142-495B-983B-E25C227E3D2C} = {54C93C90-F9E4-4CA0-A0BC-E040FAC01F9B}
		{4C5320FD-B71E-4941-A7D3-44E6D4ACC84C} = {41C685A4-310B-40CC-A18A-EF4E7A83F368}
		{ACF6607E-8423-492A-BB67-2507F0EF648C} = {4C5320FD-B71E-4941-A7D3-44E6D4ACC84C}
		{3AB2BE7D-D2CA-44CE-AD81-A3C11A8B3044} = {EB77BEE6-5142-495B-983B-E25C227E3D2C}
		{7D6DB239-AFF9-40C7-B616-4D2C113CAA8E} = {4C5320FD-B71E-4941-A7D3-44E6D4ACC84C}
		{57B7CB48-545A-4F1E-9493-5BCDABD2CE9D} = {EB77BEE6-5142-495B-983B-E25C227E3D2C}
		{C0CE3E6B-F08C-42DA-9187-A58E6E572F1C} = {41C685A4-310B-40CC-A18A-EF4E7A83F368}
		{65DF5A4D-FDD8-44D6-B693-72831A6B1FC9} = {C0CE3E6B-F08C-42DA-9187-A58E6E572F1C}
		{A5A14AC1-F35E-4548-AB26-7B868AB0F6E6} = {C0CE3E6B-F08C-42DA-9187-A58E6E572F1C}
		{4864A93C-E3E9-4055-BCC6-530FEE791042} = {41C685A4-310B-40CC-A18A-EF4E7A83F368}
		{565074B4-FFB8-48FA-8468-335311D4B395} = {4864A93C-E3E9-4055-BCC6-530FEE791042}
		{0F72D811-FBF1-41EF-B582-1CD35D673919} = {4864A93C-E3E9-4055-BCC6-530FEE791042}
		{54565EF2-803E-4E97-B543-61F9B7F48925} = {41C685A4-310B-40CC-A18A-EF4E7A83F368}
		{D950329D-089A-4FC1-9374-8B12E26049D6} = {54565EF2-803E-4E97-B543-61F9B7F48925}
		{ECD2FBC9-2DED-4E7B-BA1A-5A3B61C79F6A} = {54565EF2-803E-4E97-B543-61F9B7F48925}
		{AD45864D-8C8C-4CF9-8D27-E2A9352FC90C} = {41C685A4-310B-40CC-A18A-EF4E7A83F368}
		{7D734108-10E0-4EC2-816B-ECA7B0C3DFFA} = {AD45864D-8C8C-4CF9-8D27-E2A9352FC90C}
		{16683FE7-F597-4DF7-814A-BE0826743F1B} = {AD45864D-8C8C-4CF9-8D27-E2A9352FC90C}
		{E0F487E8-CAC1-458E-85AE-8136C622CFCA} = {AD45864D-8C8C-4CF9-8D27-E2A9352FC90C}
		{8B1A4F4D-CCE2-43A1-8245-BAC90296BDE5} = {AD45864D-8C8C-4CF9-8D27-E2A9352FC90C}
	EndGlobalSection
	GlobalSection(ExtensibilityGlobals) = postSolution
		SolutionGuid = {C80C36F9-72BE-48D1-93BE-485B8688367D}
	EndGlobalSection
EndGlobal
